
Microsoft Visual Studio Solution File, Format Version 12.00
# Visual Studio Version 17
VisualStudioVersion = 17.7.34024.191
MinimumVisualStudioVersion = 10.0.40219.1
Project("{FAE04EC0-301F-11D3-BF4B-00C04F79EFBC}") = "ProjectASP", "ProjectASP\ProjectASP.csproj", "{4F9BB533-B075-43DB-B77A-9629F4C90344}"
EndProject
Global
	GlobalSection(SolutionConfigurationPlatforms) = preSolution
		Debug|Any CPU = Debug|Any CPU
		Release|Any CPU = Release|Any CPU
	EndGlobalSection
	GlobalSection(ProjectConfigurationPlatforms) = postSolution
		{4F9BB533-B075-43DB-B77A-9629F4C90344}.Debug|Any CPU.ActiveCfg = Debug|Any CPU
		{4F9BB533-B075-43DB-B77A-9629F4C90344}.Debug|Any CPU.Build.0 = Debug|Any CPU
		{4F9BB533-B075-43DB-B77A-9629F4C90344}.Release|Any CPU.ActiveCfg = Release|Any CPU
		{4F9BB533-B075-43DB-B77A-9629F4C90344}.Release|Any CPU.Build.0 = Release|Any CPU
	EndGlobalSection
	GlobalSection(SolutionProperties) = preSolution
		HideSolutionNode = FALSE
	EndGlobalSection
	GlobalSection(ExtensibilityGlobals) = postSolution
		SolutionGuid = {46189DB6-12D6-4555-8CF1-A134E2224447}
	EndGlobalSection
EndGlobal
